
Microsoft Visual Studio Solution File, Format Version 12.00
# Visual Studio Express 15 for Windows Desktop
VisualStudioVersion = 15.0.28307.2092
MinimumVisualStudioVersion = 10.0.40219.1
Project("{FAE04EC0-301F-11D3-BF4B-00C04F79EFBC}") = "SerialDebugger", "SerialDebugger\SerialDebugger.csproj", "{DC03F8C4-37D3-4B60-9733-023124784AFD}"
EndProject
Global
	GlobalSection(SolutionConfigurationPlatforms) = preSolution
		Debug|Any CPU = Debug|Any CPU
		Release|Any CPU = Release|Any CPU
	EndGlobalSection
	GlobalSection(ProjectConfigurationPlatforms) = postSolution
		{DC03F8C4-37D3-4B60-9733-023124784AFD}.Debug|Any CPU.ActiveCfg = Debug|Any CPU
		{DC03F8C4-37D3-4B60-9733-023124784AFD}.Debug|Any CPU.Build.0 = Debug|Any CPU
		{DC03F8C4-37D3-4B60-9733-023124784AFD}.Release|Any CPU.ActiveCfg = Release|Any CPU
		{DC03F8C4-37D3-4B60-9733-023124784AFD}.Release|Any CPU.Build.0 = Release|Any CPU
	EndGlobalSection
	GlobalSection(SolutionProperties) = preSolution
		HideSolutionNode = FALSE
	EndGlobalSection
	GlobalSection(ExtensibilityGlobals) = postSolution
		SolutionGuid = {A5E838F6-1212-4702-842F-D954776B1EFE}
	EndGlobalSection
EndGlobal
